
Microsoft Visual Studio Solution File, Format Version 12.00
# Visual Studio Version 17
VisualStudioVersion = 17.11.35327.3
MinimumVisualStudioVersion = 10.0.40219.1
Project("{9A19103F-16F7-4668-BE54-9A1E7A4F7556}") = "equiParent.Droid", "equiParent\equiParent.Droid\equiParent.Droid.csproj", "{4B5D78E9-1A75-440F-9B6D-9A2E8FEEB278}"
EndProject
Project("{9A19103F-16F7-4668-BE54-9A1E7A4F7556}") = "equiParent.iOS", "equiParent\equiParent.iOS\equiParent.iOS.csproj", "{2D784ADB-4733-4C48-B825-C8F84FF2618B}"
EndProject
Project("{9A19103F-16F7-4668-BE54-9A1E7A4F7556}") = "equiParent.Mac", "equiParent\equiParent.Mac\equiParent.Mac.csproj", "{BAA79726-6D63-4085-939E-86660A13CD40}"
EndProject
Project("{9A19103F-16F7-4668-BE54-9A1E7A4F7556}") = "equiParent.WinUI", "equiParent\equiParent.WinUI\equiParent.WinUI.csproj", "{B8C701D6-3F36-4667-B280-33285051CFD6}"
EndProject
Global
	GlobalSection(SolutionConfigurationPlatforms) = preSolution
		Debug|Any CPU = Debug|Any CPU
		Debug|ARM64 = Debug|ARM64
		Debug|x64 = Debug|x64
		Debug|x86 = Debug|x86
		Release|Any CPU = Release|Any CPU
		Release|ARM64 = Release|ARM64
		Release|x64 = Release|x64
		Release|x86 = Release|x86
	EndGlobalSection
	GlobalSection(ProjectConfigurationPlatforms) = postSolution
		{4B5D78E9-1A75-440F-9B6D-9A2E8FEEB278}.Debug|Any CPU.ActiveCfg = Debug|Any CPU
		{4B5D78E9-1A75-440F-9B6D-9A2E8FEEB278}.Debug|Any CPU.Build.0 = Debug|Any CPU
		{4B5D78E9-1A75-440F-9B6D-9A2E8FEEB278}.Debug|Any CPU.Deploy.0 = Debug|Any CPU
		{4B5D78E9-1A75-440F-9B6D-9A2E8FEEB278}.Debug|ARM64.ActiveCfg = Debug|Any CPU
		{4B5D78E9-1A75-440F-9B6D-9A2E8FEEB278}.Debug|ARM64.Build.0 = Debug|Any CPU
		{4B5D78E9-1A75-440F-9B6D-9A2E8FEEB278}.Debug|ARM64.Deploy.0 = Debug|Any CPU
		{4B5D78E9-1A75-440F-9B6D-9A2E8FEEB278}.Debug|x64.ActiveCfg = Debug|Any CPU
		{4B5D78E9-1A75-440F-9B6D-9A2E8FEEB278}.Debug|x64.Build.0 = Debug|Any CPU
		{4B5D78E9-1A75-440F-9B6D-9A2E8FEEB278}.Debug|x64.Deploy.0 = Debug|Any CPU
		{4B5D78E9-1A75-440F-9B6D-9A2E8FEEB278}.Debug|x86.ActiveCfg = Debug|Any CPU
		{4B5D78E9-1A75-440F-9B6D-9A2E8FEEB278}.Debug|x86.Build.0 = Debug|Any CPU
		{4B5D78E9-1A75-440F-9B6D-9A2E8FEEB278}.Debug|x86.Deploy.0 = Debug|Any CPU
		{4B5D78E9-1A75-440F-9B6D-9A2E8FEEB278}.Release|Any CPU.ActiveCfg = Release|Any CPU
		{4B5D78E9-1A75-440F-9B6D-9A2E8FEEB278}.Release|Any CPU.Build.0 = Release|Any CPU
		{4B5D78E9-1A75-440F-9B6D-9A2E8FEEB278}.Release|Any CPU.Deploy.0 = Release|Any CPU
		{4B5D78E9-1A75-440F-9B6D-9A2E8FEEB278}.Release|ARM64.ActiveCfg = Release|Any CPU
		{4B5D78E9-1A75-440F-9B6D-9A2E8FEEB278}.Release|ARM64.Build.0 = Release|Any CPU
		{4B5D78E9-1A75-440F-9B6D-9A2E8FEEB278}.Release|ARM64.Deploy.0 = Release|Any CPU
		{4B5D78E9-1A75-440F-9B6D-9A2E8FEEB278}.Release|x64.ActiveCfg = Release|Any CPU
		{4B5D78E9-1A75-440F-9B6D-9A2E8FEEB278}.Release|x64.Build.0 = Release|Any CPU
		{4B5D78E9-1A75-440F-9B6D-9A2E8FEEB278}.Release|x64.Deploy.0 = Release|Any CPU
		{4B5D78E9-1A75-440F-9B6D-9A2E8FEEB278}.Release|x86.ActiveCfg = Release|Any CPU
		{4B5D78E9-1A75-440F-9B6D-9A2E8FEEB278}.Release|x86.Build.0 = Release|Any CPU
		{4B5D78E9-1A75-440F-9B6D-9A2E8FEEB278}.Release|x86.Deploy.0 = Release|Any CPU
		{2D784ADB-4733-4C48-B825-C8F84FF2618B}.Debug|Any CPU.ActiveCfg = Debug|Any CPU
		{2D784ADB-4733-4C48-B825-C8F84FF2618B}.Debug|Any CPU.Build.0 = Debug|Any CPU
		{2D784ADB-4733-4C48-B825-C8F84FF2618B}.Debug|Any CPU.Deploy.0 = Debug|Any CPU
		{2D784ADB-4733-4C48-B825-C8F84FF2618B}.Debug|ARM64.ActiveCfg = Debug|Any CPU
		{2D784ADB-4733-4C48-B825-C8F84FF2618B}.Debug|ARM64.Build.0 = Debug|Any CPU
		{2D784ADB-4733-4C48-B825-C8F84FF2618B}.Debug|ARM64.Deploy.0 = Debug|Any CPU
		{2D784ADB-4733-4C48-B825-C8F84FF2618B}.Debug|x64.ActiveCfg = Debug|Any CPU
		{2D784ADB-4733-4C48-B825-C8F84FF2618B}.Debug|x64.Build.0 = Debug|Any CPU
		{2D784ADB-4733-4C48-B825-C8F84FF2618B}.Debug|x64.Deploy.0 = Debug|Any CPU
		{2D784ADB-4733-4C48-B825-C8F84FF2618B}.Debug|x86.ActiveCfg = Debug|Any CPU
		{2D784ADB-4733-4C48-B825-C8F84FF2618B}.Debug|x86.Build.0 = Debug|Any CPU
		{2D784ADB-4733-4C48-B825-C8F84FF2618B}.Debug|x86.Deploy.0 = Debug|Any CPU
		{2D784ADB-4733-4C48-B825-C8F84FF2618B}.Release|Any CPU.ActiveCfg = Release|Any CPU
		{2D784ADB-4733-4C48-B825-C8F84FF2618B}.Release|Any CPU.Build.0 = Release|Any CPU
		{2D784ADB-4733-4C48-B825-C8F84FF2618B}.Release|Any CPU.Deploy.0 = Release|Any CPU
		{2D784ADB-4733-4C48-B825-C8F84FF2618B}.Release|ARM64.ActiveCfg = Release|Any CPU
		{2D784ADB-4733-4C48-B825-C8F84FF2618B}.Release|ARM64.Build.0 = Release|Any CPU
		{2D784ADB-4733-4C48-B825-C8F84FF2618B}.Release|ARM64.Deploy.0 = Release|Any CPU
		{2D784ADB-4733-4C48-B825-C8F84FF2618B}.Release|x64.ActiveCfg = Release|Any CPU
		{2D784ADB-4733-4C48-B825-C8F84FF2618B}.Release|x64.Build.0 = Release|Any CPU
		{2D784ADB-4733-4C48-B825-C8F84FF2618B}.Release|x64.Deploy.0 = Release|Any CPU
		{2D784ADB-4733-4C48-B825-C8F84FF2618B}.Release|x86.ActiveCfg = Release|Any CPU
		{2D784ADB-4733-4C48-B825-C8F84FF2618B}.Release|x86.Build.0 = Release|Any CPU
		{2D784ADB-4733-4C48-B825-C8F84FF2618B}.Release|x86.Deploy.0 = Release|Any CPU
		{BAA79726-6D63-4085-939E-86660A13CD40}.Debug|Any CPU.ActiveCfg = Debug|Any CPU
		{BAA79726-6D63-4085-939E-86660A13CD40}.Debug|Any CPU.Build.0 = Debug|Any CPU
		{BAA79726-6D63-4085-939E-86660A13CD40}.Debug|Any CPU.Deploy.0 = Debug|Any CPU
		{BAA79726-6D63-4085-939E-86660A13CD40}.Debug|ARM64.ActiveCfg = Debug|Any CPU
		{BAA79726-6D63-4085-939E-86660A13CD40}.Debug|ARM64.Build.0 = Debug|Any CPU
		{BAA79726-6D63-4085-939E-86660A13CD40}.Debug|ARM64.Deploy.0 = Debug|Any CPU
		{BAA79726-6D63-4085-939E-86660A13CD40}.Debug|x64.ActiveCfg = Debug|Any CPU
		{BAA79726-6D63-4085-939E-86660A13CD40}.Debug|x64.Build.0 = Debug|Any CPU
		{BAA79726-6D63-4085-939E-86660A13CD40}.Debug|x64.Deploy.0 = Debug|Any CPU
		{BAA79726-6D63-4085-939E-86660A13CD40}.Debug|x86.ActiveCfg = Debug|Any CPU
		{BAA79726-6D63-4085-939E-86660A13CD40}.Debug|x86.Build.0 = Debug|Any CPU
		{BAA79726-6D63-4085-939E-86660A13CD40}.Debug|x86.Deploy.0 = Debug|Any CPU
		{BAA79726-6D63-4085-939E-86660A13CD40}.Release|Any CPU.ActiveCfg = Release|Any CPU
		{BAA79726-6D63-4085-939E-86660A13CD40}.Release|Any CPU.Build.0 = Release|Any CPU
		{BAA79726-6D63-4085-939E-86660A13CD40}.Release|Any CPU.Deploy.0 = Release|Any CPU
		{BAA79726-6D63-4085-939E-86660A13CD40}.Release|ARM64.ActiveCfg = Release|Any CPU
		{BAA79726-6D63-4085-939E-86660A13CD40}.Release|ARM64.Build.0 = Release|Any CPU
		{BAA79726-6D63-4085-939E-86660A13CD40}.Release|ARM64.Deploy.0 = Release|Any CPU
		{BAA79726-6D63-4085-939E-86660A13CD40}.Release|x64.ActiveCfg = Release|Any CPU
		{BAA79726-6D63-4085-939E-86660A13CD40}.Release|x64.Build.0 = Release|Any CPU
		{BAA79726-6D63-4085-939E-86660A13CD40}.Release|x64.Deploy.0 = Release|Any CPU
		{BAA79726-6D63-4085-939E-86660A13CD40}.Release|x86.ActiveCfg = Release|Any CPU
		{BAA79726-6D63-4085-939E-86660A13CD40}.Release|x86.Build.0 = Release|Any CPU
		{BAA79726-6D63-4085-939E-86660A13CD40}.Release|x86.Deploy.0 = Release|Any CPU
		{B8C701D6-3F36-4667-B280-33285051CFD6}.Debug|Any CPU.ActiveCfg = Debug|x64
		{B8C701D6-3F36-4667-B280-33285051CFD6}.Debug|Any CPU.Build.0 = Debug|x64
		{B8C701D6-3F36-4667-B280-33285051CFD6}.Debug|Any CPU.Deploy.0 = Debug|x64
		{B8C701D6-3F36-4667-B280-33285051CFD6}.Debug|ARM64.ActiveCfg = Debug|ARM64
		{B8C701D6-3F36-4667-B280-33285051CFD6}.Debug|ARM64.Build.0 = Debug|ARM64
		{B8C701D6-3F36-4667-B280-33285051CFD6}.Debug|ARM64.Deploy.0 = Debug|ARM64
		{B8C701D6-3F36-4667-B280-33285051CFD6}.Debug|x64.ActiveCfg = Debug|x64
		{B8C701D6-3F36-4667-B280-33285051CFD6}.Debug|x64.Build.0 = Debug|x64
		{B8C701D6-3F36-4667-B280-33285051CFD6}.Debug|x64.Deploy.0 = Debug|x64
		{B8C701D6-3F36-4667-B280-33285051CFD6}.Debug|x86.ActiveCfg = Debug|x86
		{B8C701D6-3F36-4667-B280-33285051CFD6}.Debug|x86.Build.0 = Debug|x86
		{B8C701D6-3F36-4667-B280-33285051CFD6}.Debug|x86.Deploy.0 = Debug|x86
		{B8C701D6-3F36-4667-B280-33285051CFD6}.Release|Any CPU.ActiveCfg = Release|x64
		{B8C701D6-3F36-4667-B280-33285051CFD6}.Release|Any CPU.Build.0 = Release|x64
		{B8C701D6-3F36-4667-B280-33285051CFD6}.Release|Any CPU.Deploy.0 = Release|x64
		{B8C701D6-3F36-4667-B280-33285051CFD6}.Release|ARM64.ActiveCfg = Release|ARM64
		{B8C701D6-3F36-4667-B280-33285051CFD6}.Release|ARM64.Build.0 = Release|ARM64
		{B8C701D6-3F36-4667-B280-33285051CFD6}.Release|ARM64.Deploy.0 = Release|ARM64
		{B8C701D6-3F36-4667-B280-33285051CFD6}.Release|x64.ActiveCfg = Release|x64
		{B8C701D6-3F36-4667-B280-33285051CFD6}.Release|x64.Build.0 = Release|x64
		{B8C701D6-3F36-4667-B280-33285051CFD6}.Release|x64.Deploy.0 = Release|x64
		{B8C701D6-3F36-4667-B280-33285051CFD6}.Release|x86.ActiveCfg = Release|x86
		{B8C701D6-3F36-4667-B280-33285051CFD6}.Release|x86.Build.0 = Release|x86
		{B8C701D6-3F36-4667-B280-33285051CFD6}.Release|x86.Deploy.0 = Release|x86
	EndGlobalSection
	GlobalSection(SolutionProperties) = preSolution
		HideSolutionNode = FALSE
	EndGlobalSection
	GlobalSection(ExtensibilityGlobals) = postSolution
		SolutionGuid = {9A5C6495-44E6-4EB3-BE66-DC3BA3CEDCCF}
	EndGlobalSection
EndGlobal
